
Microsoft Visual Studio Solution File, Format Version 12.00
# Visual Studio Version 17
VisualStudioVersion = 17.11.35312.102
MinimumVisualStudioVersion = 10.0.40219.1
Project("{FAE04EC0-301F-11D3-BF4B-00C04F79EFBC}") = "Note-TakingConsoleApp", "Note-TakingConsoleApp\Note-TakingConsoleApp.csproj", "{39C07D85-9251-423A-8058-342DF081978A}"
EndProject
Global
	GlobalSection(SolutionConfigurationPlatforms) = preSolution
		Debug|Any CPU = Debug|Any CPU
		Release|Any CPU = Release|Any CPU
	EndGlobalSection
	GlobalSection(ProjectConfigurationPlatforms) = postSolution
		{39C07D85-9251-423A-8058-342DF081978A}.Debug|Any CPU.ActiveCfg = Debug|Any CPU
		{39C07D85-9251-423A-8058-342DF081978A}.Debug|Any CPU.Build.0 = Debug|Any CPU
		{39C07D85-9251-423A-8058-342DF081978A}.Release|Any CPU.ActiveCfg = Release|Any CPU
		{39C07D85-9251-423A-8058-342DF081978A}.Release|Any CPU.Build.0 = Release|Any CPU
	EndGlobalSection
	GlobalSection(SolutionProperties) = preSolution
		HideSolutionNode = FALSE
	EndGlobalSection
	GlobalSection(ExtensibilityGlobals) = postSolution
		SolutionGuid = {30296E83-EE94-4252-9989-5C983B360E71}
	EndGlobalSection
EndGlobal
